
Microsoft Visual Studio Solution File, Format Version 12.00
# Visual Studio Version 17
VisualStudioVersion = 17.8.34330.188
MinimumVisualStudioVersion = 10.0.40219.1
Project("{FAE04EC0-301F-11D3-BF4B-00C04F79EFBC}") = "KServer", "KServer\KServer.csproj", "{3425550D-435C-4FF5-8EBD-0E91F9363CC2}"
EndProject
Global
	GlobalSection(SolutionConfigurationPlatforms) = preSolution
		Debug|Any CPU = Debug|Any CPU
		Release|Any CPU = Release|Any CPU
	EndGlobalSection
	GlobalSection(ProjectConfigurationPlatforms) = postSolution
		{3425550D-435C-4FF5-8EBD-0E91F9363CC2}.Debug|Any CPU.ActiveCfg = Debug|Any CPU
		{3425550D-435C-4FF5-8EBD-0E91F9363CC2}.Debug|Any CPU.Build.0 = Debug|Any CPU
		{3425550D-435C-4FF5-8EBD-0E91F9363CC2}.Release|Any CPU.ActiveCfg = Release|Any CPU
		{3425550D-435C-4FF5-8EBD-0E91F9363CC2}.Release|Any CPU.Build.0 = Release|Any CPU
	EndGlobalSection
	GlobalSection(SolutionProperties) = preSolution
		HideSolutionNode = FALSE
	EndGlobalSection
	GlobalSection(ExtensibilityGlobals) = postSolution
		SolutionGuid = {87ACC3E9-CE43-41BF-AD12-5BE2654B2BDF}
	EndGlobalSection
EndGlobal
